
Microsoft Visual Studio Solution File, Format Version 12.00
# Visual Studio 15
VisualStudioVersion = 15.0.28307.329
MinimumVisualStudioVersion = 10.0.40219.1
Project("{FAE04EC0-301F-11D3-BF4B-00C04F79EFBC}") = "HouseholdBudgeter", "HouseholdBudgeter\HouseholdBudgeter.csproj", "{EC6964A8-EDED-42F2-8393-8B9964D49DAF}"
EndProject
Global
	GlobalSection(SolutionConfigurationPlatforms) = preSolution
		Debug|Any CPU = Debug|Any CPU
		Release|Any CPU = Release|Any CPU
	EndGlobalSection
	GlobalSection(ProjectConfigurationPlatforms) = postSolution
		{EC6964A8-EDED-42F2-8393-8B9964D49DAF}.Debug|Any CPU.ActiveCfg = Debug|Any CPU
		{EC6964A8-EDED-42F2-8393-8B9964D49DAF}.Debug|Any CPU.Build.0 = Debug|Any CPU
		{EC6964A8-EDED-42F2-8393-8B9964D49DAF}.Release|Any CPU.ActiveCfg = Release|Any CPU
		{EC6964A8-EDED-42F2-8393-8B9964D49DAF}.Release|Any CPU.Build.0 = Release|Any CPU
	EndGlobalSection
	GlobalSection(SolutionProperties) = preSolution
		HideSolutionNode = FALSE
	EndGlobalSection
	GlobalSection(ExtensibilityGlobals) = postSolution
		SolutionGuid = {185F97F4-FB26-4CEC-B443-78C1990D6D8A}
	EndGlobalSection
EndGlobal
